# generated by rye
# use `rye lock` or `rye sync` to update this lockfile
#
# last locked with the following flags:
#   pre: false
#   features: []
#   all-features: false
#   with-sources: false
#   generate-hashes: false
#   universal: false

-e file:.
beautifulsoup4==4.12.3
    # via atcoderstudybooster
    # via markdownify
bottle==0.13.2
    # via pywebview
certifi==2024.7.4
    # via requests
cfgv==3.4.0
    # via pre-commit
charset-normalizer==3.3.2
    # via requests
click==8.1.8
    # via click-aliases
    # via rich-click
click-aliases==1.0.5
    # via atcoderstudybooster
distlib==0.3.8
    # via virtualenv
filelock==3.15.4
    # via virtualenv
identify==2.6.0
    # via pre-commit
idna==3.7
    # via requests
iniconfig==2.0.0
    # via pytest
markdown-it-py==3.0.0
    # via rich
markdownify==0.13.1
    # via atcoderstudybooster
mdurl==0.1.2
    # via markdown-it-py
mypy==1.11.1
mypy-extensions==1.0.0
    # via mypy
nodeenv==1.9.1
    # via pre-commit
packaging==24.1
    # via pytest
platformdirs==4.2.2
    # via virtualenv
pluggy==1.5.0
    # via pytest
pre-commit==3.8.0
prompt-toolkit==3.0.36
    # via questionary
proxy-tools==0.1.0
    # via pywebview
pygments==2.18.0
    # via rich
pyobjc-core==11.0
    # via pyobjc-framework-cocoa
    # via pyobjc-framework-quartz
    # via pyobjc-framework-security
    # via pyobjc-framework-webkit
    # via pywebview
pyobjc-framework-cocoa==11.0
    # via pyobjc-framework-quartz
    # via pyobjc-framework-security
    # via pyobjc-framework-webkit
    # via pywebview
pyobjc-framework-quartz==11.0
    # via pywebview
pyobjc-framework-security==11.0
    # via pywebview
pyobjc-framework-webkit==11.0
    # via pywebview
pytest==8.3.2
pywebview==5.4
    # via atcoderstudybooster
pyyaml==6.0.2
    # via pre-commit
questionary==2.0.1
    # via atcoderstudybooster
regex==2024.7.24
    # via tiktoken
requests==2.32.3
    # via atcoderstudybooster
    # via tiktoken
rich==13.7.1
    # via atcoderstudybooster
    # via rich-click
rich-click==1.8.8
    # via atcoderstudybooster
six==1.16.0
    # via markdownify
soupsieve==2.5
    # via beautifulsoup4
tiktoken==0.7.0
    # via atcoderstudybooster
types-beautifulsoup4==4.12.0.20240511
    # via atcoderstudybooster
types-html5lib==1.1.11.20240806
    # via types-beautifulsoup4
types-requests==2.32.0.20240712
    # via atcoderstudybooster
typing-extensions==4.12.2
    # via mypy
    # via pywebview
    # via rich-click
urllib3==2.2.2
    # via requests
    # via types-requests
virtualenv==20.26.3
    # via pre-commit
wcwidth==0.2.13
    # via prompt-toolkit
